
Microsoft Visual Studio Solution File, Format Version 11.00
# Visual Studio 2010
Project("{FAE04EC0-301F-11D3-BF4B-00C04F79EFBC}") = "I", "Assembly-CSharp.csproj", "{BDBC9EDB-62E4-DBA4-22E9-6A7E86C3E44E}"
EndProject
Project("{FAE04EC0-301F-11D3-BF4B-00C04F79EFBC}") = "I", "Assembly-CSharp-Editor.csproj", "{A907EE5B-32DB-47DD-458A-62773A8B7F3A}"
EndProject
Global
	GlobalSection(SolutionConfigurationPlatforms) = preSolution
		Debug|Any CPU = Debug|Any CPU
		Release|Any CPU = Release|Any CPU
	EndGlobalSection
	GlobalSection(ProjectConfigurationPlatforms) = postSolution
		{BDBC9EDB-62E4-DBA4-22E9-6A7E86C3E44E}.Debug|Any CPU.ActiveCfg = Debug|Any CPU
		{BDBC9EDB-62E4-DBA4-22E9-6A7E86C3E44E}.Debug|Any CPU.Build.0 = Debug|Any CPU
		{BDBC9EDB-62E4-DBA4-22E9-6A7E86C3E44E}.Release|Any CPU.ActiveCfg = Release|Any CPU
		{BDBC9EDB-62E4-DBA4-22E9-6A7E86C3E44E}.Release|Any CPU.Build.0 = Release|Any CPU
		{A907EE5B-32DB-47DD-458A-62773A8B7F3A}.Debug|Any CPU.ActiveCfg = Debug|Any CPU
		{A907EE5B-32DB-47DD-458A-62773A8B7F3A}.Debug|Any CPU.Build.0 = Debug|Any CPU
		{A907EE5B-32DB-47DD-458A-62773A8B7F3A}.Release|Any CPU.ActiveCfg = Release|Any CPU
		{A907EE5B-32DB-47DD-458A-62773A8B7F3A}.Release|Any CPU.Build.0 = Release|Any CPU
	EndGlobalSection
	GlobalSection(SolutionProperties) = preSolution
		HideSolutionNode = FALSE
	EndGlobalSection
	GlobalSection(MonoDevelopProperties) = preSolution
		StartupItem = Assembly-CSharp.csproj
	EndGlobalSection
EndGlobal
