
Microsoft Visual Studio Solution File, Format Version 11.00
# Visual Studio 2010
Project("{FAE04EC0-301F-11D3-BF4B-00C04F79EFBC}") = "IIViMaT", "Assembly-CSharp.csproj", "{59721012-6D1A-64C8-9B7F-E4D0BF8B6024}"
EndProject
Project("{FAE04EC0-301F-11D3-BF4B-00C04F79EFBC}") = "IIViMaT", "Assembly-CSharp-Editor.csproj", "{7009F94F-AC4C-490A-98CC-AB5A69222412}"
EndProject
Global
	GlobalSection(SolutionConfigurationPlatforms) = preSolution
		Debug|Any CPU = Debug|Any CPU
		Release|Any CPU = Release|Any CPU
	EndGlobalSection
	GlobalSection(ProjectConfigurationPlatforms) = postSolution
		{59721012-6D1A-64C8-9B7F-E4D0BF8B6024}.Debug|Any CPU.ActiveCfg = Debug|Any CPU
		{59721012-6D1A-64C8-9B7F-E4D0BF8B6024}.Debug|Any CPU.Build.0 = Debug|Any CPU
		{59721012-6D1A-64C8-9B7F-E4D0BF8B6024}.Release|Any CPU.ActiveCfg = Release|Any CPU
		{59721012-6D1A-64C8-9B7F-E4D0BF8B6024}.Release|Any CPU.Build.0 = Release|Any CPU
		{7009F94F-AC4C-490A-98CC-AB5A69222412}.Debug|Any CPU.ActiveCfg = Debug|Any CPU
		{7009F94F-AC4C-490A-98CC-AB5A69222412}.Debug|Any CPU.Build.0 = Debug|Any CPU
		{7009F94F-AC4C-490A-98CC-AB5A69222412}.Release|Any CPU.ActiveCfg = Release|Any CPU
		{7009F94F-AC4C-490A-98CC-AB5A69222412}.Release|Any CPU.Build.0 = Release|Any CPU
	EndGlobalSection
	GlobalSection(SolutionProperties) = preSolution
		HideSolutionNode = FALSE
	EndGlobalSection
	GlobalSection(MonoDevelopProperties) = preSolution
		StartupItem = Assembly-CSharp.csproj
	EndGlobalSection
EndGlobal
